<?xml version="1.0" encoding="utf-8"?>
<Project ToolsVersion="4.0" xmlns="http://schemas.microsoft.com/developer/msbuild/2003">
  <ItemGroup>
    <Filter Include="Source Files">
      <UniqueIdentifier>{4FC737F1-C7A5-4376-A066-2A32D752A2FF}</UniqueIdentifier>
      <Extensions>cpp;c;cc;cxx;def;odl;idl;hpj;bat;asm;asmx</Extensions>
    </Filter>
    <Filter Include="Resource Files">
      <UniqueIdentifier>{67DA6AB6-F800-4c08-8B7A-83BB121AAD01}</UniqueIdentifier>
      <Extensions>rc;ico;cur;bmp;dlg;rc2;rct;bin;rgs;gif;jpg;jpeg;jpe;resx;tiff;tif;png;wav;mfcribbon-ms</Extensions>
    </Filter>
    <Filter Include="Support files">
      <UniqueIdentifier>{ecbcc5de-715c-4279-b429-1a63bba6eb90}</UniqueIdentifier>
    </Filter>
    <Filter Include="Support files\Database">
      <UniqueIdentifier>{6984c02e-f06f-4a88-ab5f-a67d2070c3f6}</UniqueIdentifier>
    </Filter>
    <Filter Include="Support files\Documentation">
      <UniqueIdentifier>{e7c215cc-3d0d-41a3-b609-3f4502f75da0}</UniqueIdentifier>
    </Filter>
    <Filter Include="Support files\Startup">
      <UniqueIdentifier>{06eba408-efd1-4bbf-afac-a65cf1d044e0}</UniqueIdentifier>
    </Filter>
    <Filter Include="Support files\Startup\Local">
      <UniqueIdentifier>{dc22078e-fdff-451a-b804-d50dad3aa103}</UniqueIdentifier>
    </Filter>
    <Filter Include="Installer">
      <UniqueIdentifier>{6f122f25-d06f-441b-96e3-992023f20675}</UniqueIdentifier>
    </Filter>
    <Filter Include="Support files\Startup\Target">
      <UniqueIdentifier>{b44ea292-1041-48e4-8246-39d4d6d88ee5}</UniqueIdentifier>
    </Filter>
  </ItemGroup>
  <ItemGroup>
    <Text Include="ReadMe.txt" />
  </ItemGroup>
  <ItemGroup>
    <ClCompile Include="..\..\..\ADxcam\iocs\xcamCameraIOC\xcamCameraApp\src\O.windows-x64\xcamCameraApp_registerRecordDeviceDriver.cpp">
      <Filter>Source Files</Filter>
    </ClCompile>
    <ClCompile Include="..\..\..\ADxcam\iocs\xcamCameraIOC\xcamCameraApp\src\xcamCameraAppMain.cpp">
      <Filter>Source Files</Filter>
    </ClCompile>
  </ItemGroup>
  <ItemGroup>
    <None Include="Parameters.csv">
      <Filter>Support files\Database</Filter>
    </None>
    <None Include="Parameters.xlsx">
      <Filter>Support files\Database</Filter>
    </None>
    <None Include="..\..\..\ADCore\db\NDPluginXIP.template">
      <Filter>Support files\Database</Filter>
    </None>
    <None Include="..\..\..\ADxcam\db\RIXSCam.template">
      <Filter>Support files\Database</Filter>
    </None>
    <None Include="Doc.html">
      <Filter>Support files\Documentation</Filter>
    </None>
    <None Include="DocTemplate.html">
      <Filter>Support files\Documentation</Filter>
    </None>
    <None Include="RIXSCam.req">
      <Filter>Support files\Database</Filter>
    </None>
    <None Include="..\..\..\ADxcam\iocs\xcamCameraIOC\iocBoot\iocXcamCamera\envpaths.windows">
      <Filter>Support files\Startup\Local</Filter>
    </None>
    <None Include="..\..\..\ADxcam\iocs\xcamCameraIOC\iocBoot\iocXcamCamera\st.cmd">
      <Filter>Support files\Startup\Local</Filter>
    </None>
    <None Include="..\..\..\ADxcam\iocs\xcamCameraIOC\iocBoot\iocXcamCamera\st.cmd.windows.phil">
      <Filter>Support files\Startup\Local</Filter>
    </None>
    <None Include="..\..\..\ADxcam\iocs\xcamCameraIOC\iocBoot\iocXcamCamera\start_epics_phil.bat">
      <Filter>Support files\Startup\Local</Filter>
    </None>
    <None Include="start_user_interface.bat">
      <Filter>Support files\Startup\Local</Filter>
    </None>
    <None Include="start_user_interface_BOY.bat">
      <Filter>Support files\Startup\Local</Filter>
    </None>
    <None Include="..\..\..\ADxcam\iocs\xcamCameraIOC\iocBoot\iocXcamCamera\commonPluginsLocal.cmd">
      <Filter>Support files\Startup\Local</Filter>
    </None>
    <None Include="..\..\..\ADxcam\iocs\xcamCameraIOC\iocBoot\iocXcamCamera\sseq_settings.req">
      <Filter>Support files\Startup\Local</Filter>
    </None>
    <None Include="..\..\..\ADxcam\iocs\xcamCameraIOC\iocBoot\iocXcamCamera\commonPluginsLocal_settings.req">
      <Filter>Support files\Startup\Local</Filter>
    </None>
    <None Include="..\..\..\ADxcam\iocs\xcamCameraIOC\iocBoot\iocXcamCamera\auto_settings.req">
      <Filter>Support files\Startup\Local</Filter>
    </None>
    <None Include="..\..\Setup\RIXSCamIOC.iss">
      <Filter>Installer</Filter>
    </None>
    <None Include="..\..\Setup\Startup\Target\envpaths.windows">
      <Filter>Support files\Startup\Target</Filter>
    </None>
    <None Include="RIXSCamPVDefinitions.template">
      <Filter>Support files\Database</Filter>
    </None>
  </ItemGroup>
  <ItemGroup>
    <Image Include="RIXSCam.png">
      <Filter>Support files\Documentation</Filter>
    </Image>
    <Image Include="RIXSCamSetup.png">
      <Filter>Support files\Documentation</Filter>
    </Image>
    <Image Include="RIXSCamTemperatureController.png">
      <Filter>Support files\Documentation</Filter>
    </Image>
  </ItemGroup>
  <ItemGroup>
    <ClInclude Include="resource.h" />
  </ItemGroup>
  <ItemGroup>
    <ResourceCompile Include="xcamCameraIOC.rc">
      <Filter>Resource Files</Filter>
    </ResourceCompile>
  </ItemGroup>
</Project>